
Microsoft Visual Studio Solution File, Format Version 12.00
# Visual Studio 2015
Project("{FAE04EC0-301F-11D3-BF4B-00C04F79EFBC}") = "Slingshotted", "Slingshotted.csproj", "{425D8876-16E8-7213-D126-7C30179B8A99}"
EndProject
Project("{FAE04EC0-301F-11D3-BF4B-00C04F79EFBC}") = "Slingshotted.Editor", "Slingshotted.Editor.csproj", "{FB3B3075-3EF0-FB5D-C431-80B170970871}"
EndProject
Global
	GlobalSection(SolutionConfigurationPlatforms) = preSolution
		Debug|Any CPU = Debug|Any CPU
		Release|Any CPU = Release|Any CPU
	EndGlobalSection
	GlobalSection(ProjectConfigurationPlatforms) = postSolution
		{425D8876-16E8-7213-D126-7C30179B8A99}.Debug|Any CPU.ActiveCfg = Debug|Any CPU
		{425D8876-16E8-7213-D126-7C30179B8A99}.Debug|Any CPU.Build.0 = Debug|Any CPU
		{425D8876-16E8-7213-D126-7C30179B8A99}.Release|Any CPU.ActiveCfg = Release|Any CPU
		{425D8876-16E8-7213-D126-7C30179B8A99}.Release|Any CPU.Build.0 = Release|Any CPU
		{FB3B3075-3EF0-FB5D-C431-80B170970871}.Debug|Any CPU.ActiveCfg = Debug|Any CPU
		{FB3B3075-3EF0-FB5D-C431-80B170970871}.Debug|Any CPU.Build.0 = Debug|Any CPU
		{FB3B3075-3EF0-FB5D-C431-80B170970871}.Release|Any CPU.ActiveCfg = Release|Any CPU
		{FB3B3075-3EF0-FB5D-C431-80B170970871}.Release|Any CPU.Build.0 = Release|Any CPU
	EndGlobalSection
	GlobalSection(SolutionProperties) = preSolution
		HideSolutionNode = FALSE
	EndGlobalSection
EndGlobal
