
Microsoft Visual Studio Solution File, Format Version 11.00
# Visual Studio 2010
Project("{FAE04EC0-301F-11D3-BF4B-00C04F79EFBC}") = "Slingshotted", "Assembly-CSharp.csproj", "{9E95757B-5F09-CBA2-2DB4-43C017E79599}"
EndProject
Project("{FAE04EC0-301F-11D3-BF4B-00C04F79EFBC}") = "Slingshotted", "Assembly-CSharp-Editor.csproj", "{2B7063FF-C8B2-3B01-B06B-67488F7E1A2C}"
EndProject
Global
	GlobalSection(SolutionConfigurationPlatforms) = preSolution
		Debug|Any CPU = Debug|Any CPU
		Release|Any CPU = Release|Any CPU
	EndGlobalSection
	GlobalSection(ProjectConfigurationPlatforms) = postSolution
		{9E95757B-5F09-CBA2-2DB4-43C017E79599}.Debug|Any CPU.ActiveCfg = Debug|Any CPU
		{9E95757B-5F09-CBA2-2DB4-43C017E79599}.Debug|Any CPU.Build.0 = Debug|Any CPU
		{9E95757B-5F09-CBA2-2DB4-43C017E79599}.Release|Any CPU.ActiveCfg = Release|Any CPU
		{9E95757B-5F09-CBA2-2DB4-43C017E79599}.Release|Any CPU.Build.0 = Release|Any CPU
		{2B7063FF-C8B2-3B01-B06B-67488F7E1A2C}.Debug|Any CPU.ActiveCfg = Debug|Any CPU
		{2B7063FF-C8B2-3B01-B06B-67488F7E1A2C}.Debug|Any CPU.Build.0 = Debug|Any CPU
		{2B7063FF-C8B2-3B01-B06B-67488F7E1A2C}.Release|Any CPU.ActiveCfg = Release|Any CPU
		{2B7063FF-C8B2-3B01-B06B-67488F7E1A2C}.Release|Any CPU.Build.0 = Release|Any CPU
	EndGlobalSection
	GlobalSection(SolutionProperties) = preSolution
		HideSolutionNode = FALSE
	EndGlobalSection
	GlobalSection(MonoDevelopProperties) = preSolution
		StartupItem = Assembly-CSharp.csproj
	EndGlobalSection
EndGlobal
